// !$*UTF8*$!
{
	archiveVersion = 1;
	classes = {
	};
	objectVersion = 50;
	objects = {

/* Begin PBXBuildFile section */
		4917B13724B263AF0072CFB9 /* AboutViewController.swift in Sources */ = {isa = PBXBuildFile; fileRef = 4917B13624B263AF0072CFB9 /* AboutViewController.swift */; };
		4917B15024B268800072CFB9 /* Bullseye.html in Resources */ = {isa = PBXBuildFile; fileRef = 4917B14F24B268800072CFB9 /* Bullseye.html */; };
		4917B15324B3A5780072CFB9 /* WebKit.framework in Frameworks */ = {isa = PBXBuildFile; fileRef = 4917B15224B3A5780072CFB9 /* WebKit.framework */; };
		4917B15524B3AAD00072CFB9 /* HighScoresTableViewController.swift in Sources */ = {isa = PBXBuildFile; fileRef = 4917B15424B3AAD00072CFB9 /* HighScoresTableViewController.swift */; };
		497F0D1424B76F5300D8154E /* HighScoreItem.swift in Sources */ = {isa = PBXBuildFile; fileRef = 497F0D1324B76F5300D8154E /* HighScoreItem.swift */; };
		497F0D1624B7A02000D8154E /* PersistencyHelper.swift in Sources */ = {isa = PBXBuildFile; fileRef = 497F0D1524B7A02000D8154E /* PersistencyHelper.swift */; };
		497F0D1824B7B02F00D8154E /* EditHighScoreViewController.swift in Sources */ = {isa = PBXBuildFile; fileRef = 497F0D1724B7B02F00D8154E /* EditHighScoreViewController.swift */; };
		49A9635B24AE7A33005905FC /* AppDelegate.swift in Sources */ = {isa = PBXBuildFile; fileRef = 49A9635A24AE7A33005905FC /* AppDelegate.swift */; };
		49A9635D24AE7A33005905FC /* SceneDelegate.swift in Sources */ = {isa = PBXBuildFile; fileRef = 49A9635C24AE7A33005905FC /* SceneDelegate.swift */; };
		49A9635F24AE7A33005905FC /* ViewController.swift in Sources */ = {isa = PBXBuildFile; fileRef = 49A9635E24AE7A33005905FC /* ViewController.swift */; };
		49A9636224AE7A33005905FC /* Main.storyboard in Resources */ = {isa = PBXBuildFile; fileRef = 49A9636024AE7A33005905FC /* Main.storyboard */; };
		49A9636424AE7A37005905FC /* Assets.xcassets in Resources */ = {isa = PBXBuildFile; fileRef = 49A9636324AE7A37005905FC /* Assets.xcassets */; };
		49A9636724AE7A37005905FC /* LaunchScreen.storyboard in Resources */ = {isa = PBXBuildFile; fileRef = 49A9636524AE7A37005905FC /* LaunchScreen.storyboard */; };
/* End PBXBuildFile section */

/* Begin PBXFileReference section */
		4917B13624B263AF0072CFB9 /* AboutViewController.swift */ = {isa = PBXFileReference; lastKnownFileType = sourcecode.swift; path = AboutViewController.swift; sourceTree = "<group>"; };
		4917B14F24B268800072CFB9 /* Bullseye.html */ = {isa = PBXFileReference; fileEncoding = 4; lastKnownFileType = text.html; name = Bullseye.html; path = "../../iOS/iOS_Apprentice_v8.1-1.0/15-getting-started-uikit/Resources/Bullseye.html"; sourceTree = "<group>"; };
		4917B15224B3A5780072CFB9 /* WebKit.framework */ = {isa = PBXFileReference; lastKnownFileType = wrapper.framework; name = WebKit.framework; path = System/Library/Frameworks/WebKit.framework; sourceTree = SDKROOT; };
		4917B15424B3AAD00072CFB9 /* HighScoresTableViewController.swift */ = {isa = PBXFileReference; lastKnownFileType = sourcecode.swift; path = HighScoresTableViewController.swift; sourceTree = "<group>"; };
		497F0D1324B76F5300D8154E /* HighScoreItem.swift */ = {isa = PBXFileReference; lastKnownFileType = sourcecode.swift; path = HighScoreItem.swift; sourceTree = "<group>"; };
		497F0D1524B7A02000D8154E /* PersistencyHelper.swift */ = {isa = PBXFileReference; lastKnownFileType = sourcecode.swift; path = PersistencyHelper.swift; sourceTree = "<group>"; };
		497F0D1724B7B02F00D8154E /* EditHighScoreViewController.swift */ = {isa = PBXFileReference; lastKnownFileType = sourcecode.swift; path = EditHighScoreViewController.swift; sourceTree = "<group>"; };
		49A9635724AE7A33005905FC /* BullseyeUIKit.app */ = {isa = PBXFileReference; explicitFileType = wrapper.application; includeInIndex = 0; path = BullseyeUIKit.app; sourceTree = BUILT_PRODUCTS_DIR; };
		49A9635A24AE7A33005905FC /* AppDelegate.swift */ = {isa = PBXFileReference; lastKnownFileType = sourcecode.swift; path = AppDelegate.swift; sourceTree = "<group>"; };
		49A9635C24AE7A33005905FC /* SceneDelegate.swift */ = {isa = PBXFileReference; lastKnownFileType = sourcecode.swift; path = SceneDelegate.swift; sourceTree = "<group>"; };
		49A9635E24AE7A33005905FC /* ViewController.swift */ = {isa = PBXFileReference; lastKnownFileType = sourcecode.swift; path = ViewController.swift; sourceTree = "<group>"; };
		49A9636124AE7A33005905FC /* Base */ = {isa = PBXFileReference; lastKnownFileType = file.storyboard; name = Base; path = Base.lproj/Main.storyboard; sourceTree = "<group>"; };
		49A9636324AE7A37005905FC /* Assets.xcassets */ = {isa = PBXFileReference; lastKnownFileType = folder.assetcatalog; path = Assets.xcassets; sourceTree = "<group>"; };
		49A9636624AE7A37005905FC /* Base */ = {isa = PBXFileReference; lastKnownFileType = file.storyboard; name = Base; path = Base.lproj/LaunchScreen.storyboard; sourceTree = "<group>"; };
		49A9636824AE7A37005905FC /* Info.plist */ = {isa = PBXFileReference; lastKnownFileType = text.plist.xml; path = Info.plist; sourceTree = "<group>"; };
/* End PBXFileReference section */

/* Begin PBXFrameworksBuildPhase section */
		49A9635424AE7A33005905FC /* Frameworks */ = {
			isa = PBXFrameworksBuildPhase;
			buildActionMask = 2147483647;
			files = (
				4917B15324B3A5780072CFB9 /* WebKit.framework in Frameworks */,
			);
			runOnlyForDeploymentPostprocessing = 0;
		};
/* End PBXFrameworksBuildPhase section */

/* Begin PBXGroup section */
		4917B15124B3A5780072CFB9 /* Frameworks */ = {
			isa = PBXGroup;
			children = (
				4917B15224B3A5780072CFB9 /* WebKit.framework */,
			);
			name = Frameworks;
			sourceTree = "<group>";
		};
		49A9634E24AE7A33005905FC = {
			isa = PBXGroup;
			children = (
				49A9635924AE7A33005905FC /* BullseyeUIKit */,
				49A9635824AE7A33005905FC /* Products */,
				4917B15124B3A5780072CFB9 /* Frameworks */,
			);
			sourceTree = "<group>";
		};
		49A9635824AE7A33005905FC /* Products */ = {
			isa = PBXGroup;
			children = (
				49A9635724AE7A33005905FC /* BullseyeUIKit.app */,
			);
			name = Products;
			sourceTree = "<group>";
		};
		49A9635924AE7A33005905FC /* BullseyeUIKit */ = {
			isa = PBXGroup;
			children = (
				4917B14F24B268800072CFB9 /* Bullseye.html */,
				49A9635A24AE7A33005905FC /* AppDelegate.swift */,
				49A9635C24AE7A33005905FC /* SceneDelegate.swift */,
				49A9635E24AE7A33005905FC /* ViewController.swift */,
				4917B13624B263AF0072CFB9 /* AboutViewController.swift */,
				4917B15424B3AAD00072CFB9 /* HighScoresTableViewController.swift */,
				49A9636024AE7A33005905FC /* Main.storyboard */,
				49A9636324AE7A37005905FC /* Assets.xcassets */,
				49A9636524AE7A37005905FC /* LaunchScreen.storyboard */,
				49A9636824AE7A37005905FC /* Info.plist */,
				497F0D1324B76F5300D8154E /* HighScoreItem.swift */,
				497F0D1524B7A02000D8154E /* PersistencyHelper.swift */,
				497F0D1724B7B02F00D8154E /* EditHighScoreViewController.swift */,
			);
			path = BullseyeUIKit;
			sourceTree = "<group>";
		};
/* End PBXGroup section */

/* Begin PBXNativeTarget section */
		49A9635624AE7A33005905FC /* BullseyeUIKit */ = {
			isa = PBXNativeTarget;
			buildConfigurationList = 49A9636B24AE7A37005905FC /* Build configuration list for PBXNativeTarget "BullseyeUIKit" */;
			buildPhases = (
				49A9635324AE7A33005905FC /* Sources */,
				49A9635424AE7A33005905FC /* Frameworks */,
				49A9635524AE7A33005905FC /* Resources */,
			);
			buildRules = (
			);
			dependencies = (
			);
			name = BullseyeUIKit;
			productName = BullseyeUIKit;
			productReference = 49A9635724AE7A33005905FC /* BullseyeUIKit.app */;
			productType = "com.apple.product-type.application";
		};
/* End PBXNativeTarget section */

/* Begin PBXProject section */
		49A9634F24AE7A33005905FC /* Project object */ = {
			isa = PBXProject;
			attributes = {
				LastSwiftUpdateCheck = 1150;
				LastUpgradeCheck = 1150;
				ORGANIZATIONNAME = "Kiryl Beliauski";
				TargetAttributes = {
					49A9635624AE7A33005905FC = {
						CreatedOnToolsVersion = 11.5;
					};
				};
			};
			buildConfigurationList = 49A9635224AE7A33005905FC /* Build configuration list for PBXProject "BullseyeUIKit" */;
			compatibilityVersion = "Xcode 9.3";
			developmentRegion = en;
			hasScannedForEncodings = 0;
			knownRegions = (
				en,
				Base,
			);
			mainGroup = 49A9634E24AE7A33005905FC;
			productRefGroup = 49A9635824AE7A33005905FC /* Products */;
			projectDirPath = "";
			projectRoot = "";
			targets = (
				49A9635624AE7A33005905FC /* BullseyeUIKit */,
			);
		};
/* End PBXProject section */

/* Begin PBXResourcesBuildPhase section */
		49A9635524AE7A33005905FC /* Resources */ = {
			isa = PBXResourcesBuildPhase;
			buildActionMask = 2147483647;
			files = (
				49A9636724AE7A37005905FC /* LaunchScreen.storyboard in Resources */,
				4917B15024B268800072CFB9 /* Bullseye.html in Resources */,
				49A9636424AE7A37005905FC /* Assets.xcassets in Resources */,
				49A9636224AE7A33005905FC /* Main.storyboard in Resources */,
			);
			runOnlyForDeploymentPostprocessing = 0;
		};
/* End PBXResourcesBuildPhase section */

/* Begin PBXSourcesBuildPhase section */
		49A9635324AE7A33005905FC /* Sources */ = {
			isa = PBXSourcesBuildPhase;
			buildActionMask = 2147483647;
			files = (
				4917B15524B3AAD00072CFB9 /* HighScoresTableViewController.swift in Sources */,
				497F0D1424B76F5300D8154E /* HighScoreItem.swift in Sources */,
				497F0D1624B7A02000D8154E /* PersistencyHelper.swift in Sources */,
				49A9635F24AE7A33005905FC /* ViewController.swift in Sources */,
				49A9635B24AE7A33005905FC /* AppDelegate.swift in Sources */,
				4917B13724B263AF0072CFB9 /* AboutViewController.swift in Sources */,
				49A9635D24AE7A33005905FC /* SceneDelegate.swift in Sources */,
				497F0D1824B7B02F00D8154E /* EditHighScoreViewController.swift in Sources */,
			);
			runOnlyForDeploymentPostprocessing = 0;
		};
/* End PBXSourcesBuildPhase section */

/* Begin PBXVariantGroup section */
		49A9636024AE7A33005905FC /* Main.storyboard */ = {
			isa = PBXVariantGroup;
			children = (
				49A9636124AE7A33005905FC /* Base */,
			);
			name = Main.storyboard;
			sourceTree = "<group>";
		};
		49A9636524AE7A37005905FC /* LaunchScreen.storyboard */ = {
			isa = PBXVariantGroup;
			children = (
				49A9636624AE7A37005905FC /* Base */,
			);
			name = LaunchScreen.storyboard;
			sourceTree = "<group>";
		};
/* End PBXVariantGroup section */

/* Begin XCBuildConfiguration section */
		49A9636924AE7A37005905FC /* Debug */ = {
			isa = XCBuildConfiguration;
			buildSettings = {
				ALWAYS_SEARCH_USER_PATHS = NO;
				CLANG_ANALYZER_NONNULL = YES;
				CLANG_ANALYZER_NUMBER_OBJECT_CONVERSION = YES_AGGRESSIVE;
				CLANG_CXX_LANGUAGE_STANDARD = "gnu++14";
				CLANG_CXX_LIBRARY = "libc++";
				CLANG_ENABLE_MODULES = YES;
				CLANG_ENABLE_OBJC_ARC = YES;
				CLANG_ENABLE_OBJC_WEAK = YES;
				CLANG_WARN_BLOCK_CAPTURE_AUTORELEASING = YES;
				CLANG_WARN_BOOL_CONVERSION = YES;
				CLANG_WARN_COMMA = YES;
				CLANG_WARN_CONSTANT_CONVERSION = YES;
				CLANG_WARN_DEPRECATED_OBJC_IMPLEMENTATIONS = YES;
				CLANG_WARN_DIRECT_OBJC_ISA_USAGE = YES_ERROR;
				CLANG_WARN_DOCUMENTATION_COMMENTS = YES;
				CLANG_WARN_EMPTY_BODY = YES;
				CLANG_WARN_ENUM_CONVERSION = YES;
				CLANG_WARN_INFINITE_RECURSION = YES;
				CLANG_WARN_INT_CONVERSION = YES;
				CLANG_WARN_NON_LITERAL_NULL_CONVERSION = YES;
				CLANG_WARN_OBJC_IMPLICIT_RETAIN_SELF = YES;
				CLANG_WARN_OBJC_LITERAL_CONVERSION = YES;
				CLANG_WARN_OBJC_ROOT_CLASS = YES_ERROR;
				CLANG_WARN_RANGE_LOOP_ANALYSIS = YES;
				CLANG_WARN_STRICT_PROTOTYPES = YES;
				CLANG_WARN_SUSPICIOUS_MOVE = YES;
				CLANG_WARN_UNGUARDED_AVAILABILITY = YES_AGGRESSIVE;
				CLANG_WARN_UNREACHABLE_CODE = YES;
				CLANG_WARN__DUPLICATE_METHOD_MATCH = YES;
				COPY_PHASE_STRIP = NO;
				DEBUG_INFORMATION_FORMAT = dwarf;
				ENABLE_STRICT_OBJC_MSGSEND = YES;
				ENABLE_TESTABILITY = YES;
				GCC_C_LANGUAGE_STANDARD = gnu11;
				GCC_DYNAMIC_NO_PIC = NO;
				GCC_NO_COMMON_BLOCKS = YES;
				GCC_OPTIMIZATION_LEVEL = 0;
				GCC_PREPROCESSOR_DEFINITIONS = (
					"DEBUG=1",
					"$(inherited)",
				);
				GCC_WARN_64_TO_32_BIT_CONVERSION = YES;
				GCC_WARN_ABOUT_RETURN_TYPE = YES_ERROR;
				GCC_WARN_UNDECLARED_SELECTOR = YES;
				GCC_WARN_UNINITIALIZED_AUTOS = YES_AGGRESSIVE;
				GCC_WARN_UNUSED_FUNCTION = YES;
				GCC_WARN_UNUSED_VARIABLE = YES;
				IPHONEOS_DEPLOYMENT_TARGET = 13.5;
				MTL_ENABLE_DEBUG_INFO = INCLUDE_SOURCE;
				MTL_FAST_MATH = YES;
				ONLY_ACTIVE_ARCH = YES;
				SDKROOT = iphoneos;
				SWIFT_ACTIVE_COMPILATION_CONDITIONS = DEBUG;
				SWIFT_OPTIMIZATION_LEVEL = "-Onone";
			};
			name = Debug;
		};
		49A9636A24AE7A37005905FC /* Release */ = {
			isa = XCBuildConfiguration;
			buildSettings = {
				ALWAYS_SEARCH_USER_PATHS = NO;
				CLANG_ANALYZER_NONNULL = YES;
				CLANG_ANALYZER_NUMBER_OBJECT_CONVERSION = YES_AGGRESSIVE;
				CLANG_CXX_LANGUAGE_STANDARD = "gnu++14";
				CLANG_CXX_LIBRARY = "libc++";
				CLANG_ENABLE_MODULES = YES;
				CLANG_ENABLE_OBJC_ARC = YES;
				CLANG_ENABLE_OBJC_WEAK = YES;
				CLANG_WARN_BLOCK_CAPTURE_AUTORELEASING = YES;
				CLANG_WARN_BOOL_CONVERSION = YES;
				CLANG_WARN_COMMA = YES;
				CLANG_WARN_CONSTANT_CONVERSION = YES;
				CLANG_WARN_DEPRECATED_OBJC_IMPLEMENTATIONS = YES;
				CLANG_WARN_DIRECT_OBJC_ISA_USAGE = YES_ERROR;
				CLANG_WARN_DOCUMENTATION_COMMENTS = YES;
				CLANG_WARN_EMPTY_BODY = YES;
				CLANG_WARN_ENUM_CONVERSION = YES;
				CLANG_WARN_INFINITE_RECURSION = YES;
				CLANG_WARN_INT_CONVERSION = YES;
				CLANG_WARN_NON_LITERAL_NULL_CONVERSION = YES;
				CLANG_WARN_OBJC_IMPLICIT_RETAIN_SELF = YES;
				CLANG_WARN_OBJC_LITERAL_CONVERSION = YES;
				CLANG_WARN_OBJC_ROOT_CLASS = YES_ERROR;
				CLANG_WARN_RANGE_LOOP_ANALYSIS = YES;
				CLANG_WARN_STRICT_PROTOTYPES = YES;
				CLANG_WARN_SUSPICIOUS_MOVE = YES;
				CLANG_WARN_UNGUARDED_AVAILABILITY = YES_AGGRESSIVE;
				CLANG_WARN_UNREACHABLE_CODE = YES;
				CLANG_WARN__DUPLICATE_METHOD_MATCH = YES;
				COPY_PHASE_STRIP = NO;
				DEBUG_INFORMATION_FORMAT = "dwarf-with-dsym";
				ENABLE_NS_ASSERTIONS = NO;
				ENABLE_STRICT_OBJC_MSGSEND = YES;
				GCC_C_LANGUAGE_STANDARD = gnu11;
				GCC_NO_COMMON_BLOCKS = YES;
				GCC_WARN_64_TO_32_BIT_CONVERSION = YES;
				GCC_WARN_ABOUT_RETURN_TYPE = YES_ERROR;
				GCC_WARN_UNDECLARED_SELECTOR = YES;
				GCC_WARN_UNINITIALIZED_AUTOS = YES_AGGRESSIVE;
				GCC_WARN_UNUSED_FUNCTION = YES;
				GCC_WARN_UNUSED_VARIABLE = YES;
				IPHONEOS_DEPLOYMENT_TARGET = 13.5;
				MTL_ENABLE_DEBUG_INFO = NO;
				MTL_FAST_MATH = YES;
				SDKROOT = iphoneos;
				SWIFT_COMPILATION_MODE = wholemodule;
				SWIFT_OPTIMIZATION_LEVEL = "-O";
				VALIDATE_PRODUCT = YES;
			};
			name = Release;
		};
		49A9636C24AE7A37005905FC /* Debug */ = {
			isa = XCBuildConfiguration;
			buildSettings = {
				ASSETCATALOG_COMPILER_APPICON_NAME = AppIcon;
				CODE_SIGN_STYLE = Automatic;
				DEVELOPMENT_TEAM = J2CUFQ495B;
				INFOPLIST_FILE = BullseyeUIKit/Info.plist;
				LD_RUNPATH_SEARCH_PATHS = (
					"$(inherited)",
					"@executable_path/Frameworks",
				);
				PRODUCT_BUNDLE_IDENTIFIER = com.kbeliauski.BullseyeUIKit;
				PRODUCT_NAME = "$(TARGET_NAME)";
				SWIFT_VERSION = 5.0;
				TARGETED_DEVICE_FAMILY = "1,2";
			};
			name = Debug;
		};
		49A9636D24AE7A37005905FC /* Release */ = {
			isa = XCBuildConfiguration;
			buildSettings = {
				ASSETCATALOG_COMPILER_APPICON_NAME = AppIcon;
				CODE_SIGN_STYLE = Automatic;
				DEVELOPMENT_TEAM = J2CUFQ495B;
				INFOPLIST_FILE = BullseyeUIKit/Info.plist;
				LD_RUNPATH_SEARCH_PATHS = (
					"$(inherited)",
					"@executable_path/Frameworks",
				);
				PRODUCT_BUNDLE_IDENTIFIER = com.kbeliauski.BullseyeUIKit;
				PRODUCT_NAME = "$(TARGET_NAME)";
				SWIFT_VERSION = 5.0;
				TARGETED_DEVICE_FAMILY = "1,2";
			};
			name = Release;
		};
/* End XCBuildConfiguration section */

/* Begin XCConfigurationList section */
		49A9635224AE7A33005905FC /* Build configuration list for PBXProject "BullseyeUIKit" */ = {
			isa = XCConfigurationList;
			buildConfigurations = (
				49A9636924AE7A37005905FC /* Debug */,
				49A9636A24AE7A37005905FC /* Release */,
			);
			defaultConfigurationIsVisible = 0;
			defaultConfigurationName = Release;
		};
		49A9636B24AE7A37005905FC /* Build configuration list for PBXNativeTarget "BullseyeUIKit" */ = {
			isa = XCConfigurationList;
			buildConfigurations = (
				49A9636C24AE7A37005905FC /* Debug */,
				49A9636D24AE7A37005905FC /* Release */,
			);
			defaultConfigurationIsVisible = 0;
			defaultConfigurationName = Release;
		};
/* End XCConfigurationList section */
	};
	rootObject = 49A9634F24AE7A33005905FC /* Project object */;
}
